
Microsoft Visual Studio Solution File, Format Version 12.00
# Visual Studio Version 17
VisualStudioVersion = 17.9.34616.47
MinimumVisualStudioVersion = 10.0.40219.1
Project("{FAE04EC0-301F-11D3-BF4B-00C04F79EFBC}") = "MVCReactApp1.Server", "MVCReactApp1.Server\MVCReactApp1.Server.csproj", "{D0C681CB-5A35-4ACA-A3C7-764C90CB2F76}"
EndProject
Project("{54A90642-561A-4BB1-A94E-469ADEE60C69}") = "mvcreactapp1.client", "mvcreactapp1.client\mvcreactapp1.client.esproj", "{E7E2B84E-6C99-4209-AE6D-5A7DAD57978E}"
EndProject
Global
	GlobalSection(SolutionConfigurationPlatforms) = preSolution
		Debug|Any CPU = Debug|Any CPU
		Release|Any CPU = Release|Any CPU
	EndGlobalSection
	GlobalSection(ProjectConfigurationPlatforms) = postSolution
		{D0C681CB-5A35-4ACA-A3C7-764C90CB2F76}.Debug|Any CPU.ActiveCfg = Debug|Any CPU
		{D0C681CB-5A35-4ACA-A3C7-764C90CB2F76}.Debug|Any CPU.Build.0 = Debug|Any CPU
		{D0C681CB-5A35-4ACA-A3C7-764C90CB2F76}.Release|Any CPU.ActiveCfg = Release|Any CPU
		{D0C681CB-5A35-4ACA-A3C7-764C90CB2F76}.Release|Any CPU.Build.0 = Release|Any CPU
		{E7E2B84E-6C99-4209-AE6D-5A7DAD57978E}.Debug|Any CPU.ActiveCfg = Debug|Any CPU
		{E7E2B84E-6C99-4209-AE6D-5A7DAD57978E}.Debug|Any CPU.Build.0 = Debug|Any CPU
		{E7E2B84E-6C99-4209-AE6D-5A7DAD57978E}.Debug|Any CPU.Deploy.0 = Debug|Any CPU
		{E7E2B84E-6C99-4209-AE6D-5A7DAD57978E}.Release|Any CPU.ActiveCfg = Release|Any CPU
		{E7E2B84E-6C99-4209-AE6D-5A7DAD57978E}.Release|Any CPU.Build.0 = Release|Any CPU
		{E7E2B84E-6C99-4209-AE6D-5A7DAD57978E}.Release|Any CPU.Deploy.0 = Release|Any CPU
	EndGlobalSection
	GlobalSection(SolutionProperties) = preSolution
		HideSolutionNode = FALSE
	EndGlobalSection
	GlobalSection(ExtensibilityGlobals) = postSolution
		SolutionGuid = {5FADDC98-11BF-4818-80F9-95F6537A8D22}
	EndGlobalSection
EndGlobal
